
Microsoft Visual Studio Solution File, Format Version 12.00
# Visual Studio 15
VisualStudioVersion = 15.0.28010.2041
MinimumVisualStudioVersion = 10.0.40219.1
Project("{2150E333-8FDC-42A3-9474-1A3956D46DE8}") = "Solution Items", "Solution Items", "{F44B29C1-A1BC-4C96-B894-76B594423BF4}"
	ProjectSection(SolutionItems) = preProject
		..\LICENSE = ..\LICENSE
		..\README.md = ..\README.md
	EndProjectSection
EndProject
Project("{9A19103F-16F7-4668-BE54-9A1E7A4F7556}") = "Example.Server.Identity", "Example.Server.Identitiy\Example.Server.Identity.csproj", "{675F014E-2976-4272-B0AB-40C5616B202D}"
EndProject
Project("{9A19103F-16F7-4668-BE54-9A1E7A4F7556}") = "Example.Server.API", "Example.Server.API\Example.Server.API.csproj", "{6141D659-9748-4F15-B867-ECE261CA91D7}"
EndProject
Project("{9A19103F-16F7-4668-BE54-9A1E7A4F7556}") = "Example.Client.Console", "Example.Client.Console\Example.Client.Console.csproj", "{638EF87C-4E88-4C82-865F-AC335C2538B5}"
EndProject
Project("{9A19103F-16F7-4668-BE54-9A1E7A4F7556}") = "Example.Client.MVC", "Example.Client.MVC\Example.Client.MVC.csproj", "{476762E9-E8BD-472F-AEA5-3B15D975FB85}"
EndProject
Project("{FAE04EC0-301F-11D3-BF4B-00C04F79EFBC}") = "Example.Client.WPF", "Example.Client.WPF\Example.Client.WPF.csproj", "{5F304F7B-474D-428C-9A48-08ED73603B77}"
EndProject
Global
	GlobalSection(SolutionConfigurationPlatforms) = preSolution
		Debug|Any CPU = Debug|Any CPU
		Release|Any CPU = Release|Any CPU
	EndGlobalSection
	GlobalSection(ProjectConfigurationPlatforms) = postSolution
		{675F014E-2976-4272-B0AB-40C5616B202D}.Debug|Any CPU.ActiveCfg = Debug|Any CPU
		{675F014E-2976-4272-B0AB-40C5616B202D}.Debug|Any CPU.Build.0 = Debug|Any CPU
		{675F014E-2976-4272-B0AB-40C5616B202D}.Release|Any CPU.ActiveCfg = Release|Any CPU
		{675F014E-2976-4272-B0AB-40C5616B202D}.Release|Any CPU.Build.0 = Release|Any CPU
		{6141D659-9748-4F15-B867-ECE261CA91D7}.Debug|Any CPU.ActiveCfg = Debug|Any CPU
		{6141D659-9748-4F15-B867-ECE261CA91D7}.Debug|Any CPU.Build.0 = Debug|Any CPU
		{6141D659-9748-4F15-B867-ECE261CA91D7}.Release|Any CPU.ActiveCfg = Release|Any CPU
		{6141D659-9748-4F15-B867-ECE261CA91D7}.Release|Any CPU.Build.0 = Release|Any CPU
		{638EF87C-4E88-4C82-865F-AC335C2538B5}.Debug|Any CPU.ActiveCfg = Debug|Any CPU
		{638EF87C-4E88-4C82-865F-AC335C2538B5}.Debug|Any CPU.Build.0 = Debug|Any CPU
		{638EF87C-4E88-4C82-865F-AC335C2538B5}.Release|Any CPU.ActiveCfg = Release|Any CPU
		{638EF87C-4E88-4C82-865F-AC335C2538B5}.Release|Any CPU.Build.0 = Release|Any CPU
		{476762E9-E8BD-472F-AEA5-3B15D975FB85}.Debug|Any CPU.ActiveCfg = Debug|Any CPU
		{476762E9-E8BD-472F-AEA5-3B15D975FB85}.Debug|Any CPU.Build.0 = Debug|Any CPU
		{476762E9-E8BD-472F-AEA5-3B15D975FB85}.Release|Any CPU.ActiveCfg = Release|Any CPU
		{476762E9-E8BD-472F-AEA5-3B15D975FB85}.Release|Any CPU.Build.0 = Release|Any CPU
		{5F304F7B-474D-428C-9A48-08ED73603B77}.Debug|Any CPU.ActiveCfg = Debug|Any CPU
		{5F304F7B-474D-428C-9A48-08ED73603B77}.Debug|Any CPU.Build.0 = Debug|Any CPU
		{5F304F7B-474D-428C-9A48-08ED73603B77}.Release|Any CPU.ActiveCfg = Release|Any CPU
		{5F304F7B-474D-428C-9A48-08ED73603B77}.Release|Any CPU.Build.0 = Release|Any CPU
	EndGlobalSection
	GlobalSection(SolutionProperties) = preSolution
		HideSolutionNode = FALSE
	EndGlobalSection
	GlobalSection(ExtensibilityGlobals) = postSolution
		SolutionGuid = {BB7B1DDA-F699-48D7-A1F4-B00500013037}
	EndGlobalSection
EndGlobal
